
Microsoft Visual Studio Solution File, Format Version 12.00
# Visual Studio Version 16
VisualStudioVersion = 16.0.30907.101
MinimumVisualStudioVersion = 10.0.40219.1
Project("{FAE04EC0-301F-11D3-BF4B-00C04F79EFBC}") = "Pokemon API Application", "Pokemon API Application\Pokemon API Application.csproj", "{835379AD-8C8C-469E-B995-E490D77D6662}"
EndProject
Project("{9A19103F-16F7-4668-BE54-9A1E7A4F7556}") = "PokeApi.NET", "..\PokeApi.NET-v2\PokeApi.NET\PokeApi.NET.csproj", "{1E60DD0D-56AF-4313-8E49-144C5518FE13}"
EndProject
Global
	GlobalSection(SolutionConfigurationPlatforms) = preSolution
		Debug|Any CPU = Debug|Any CPU
		Release|Any CPU = Release|Any CPU
	EndGlobalSection
	GlobalSection(ProjectConfigurationPlatforms) = postSolution
		{835379AD-8C8C-469E-B995-E490D77D6662}.Debug|Any CPU.ActiveCfg = Debug|Any CPU
		{835379AD-8C8C-469E-B995-E490D77D6662}.Debug|Any CPU.Build.0 = Debug|Any CPU
		{835379AD-8C8C-469E-B995-E490D77D6662}.Release|Any CPU.ActiveCfg = Release|Any CPU
		{835379AD-8C8C-469E-B995-E490D77D6662}.Release|Any CPU.Build.0 = Release|Any CPU
		{1E60DD0D-56AF-4313-8E49-144C5518FE13}.Debug|Any CPU.ActiveCfg = Debug|Any CPU
		{1E60DD0D-56AF-4313-8E49-144C5518FE13}.Debug|Any CPU.Build.0 = Debug|Any CPU
		{1E60DD0D-56AF-4313-8E49-144C5518FE13}.Release|Any CPU.ActiveCfg = Release|Any CPU
		{1E60DD0D-56AF-4313-8E49-144C5518FE13}.Release|Any CPU.Build.0 = Release|Any CPU
	EndGlobalSection
	GlobalSection(SolutionProperties) = preSolution
		HideSolutionNode = FALSE
	EndGlobalSection
	GlobalSection(ExtensibilityGlobals) = postSolution
		SolutionGuid = {CFFCA245-1B55-4BDB-AECF-CA31B5E96E6A}
	EndGlobalSection
EndGlobal
